lockfileVersion: '6.0'

settings:
  autoInstallPeers: true
  excludeLinksFromLockfile: false

devDependencies:
  esbuild:
    specifier: ^0.18.8
    version: 0.18.8
  typescript:
    specifier: ^5.1.3
    version: 5.1.3

packages:

  /@esbuild/android-arm64@0.18.8:
    resolution: {integrity: sha512-8N8gkGu8vBq/cRPs8DDQmdwmS097A+XRHC/ay6wJjSEdLV3onTnfIkzew+g86k5bcakbxsE7zynCIhG0IgCT5Q==}
    engines: {node: '>=12'}
    cpu: [arm64]
    os: [android]
    requiresBuild: true
    dev: true
    optional: true

  /@esbuild/android-arm@0.18.8:
    resolution: {integrity: sha512-xDncukyW2b/JU04AZJ6cSAp4FaoAMyxFFTgmmNEKbjn2MwThw/ekHwt3d84Nm0fJG2KqKBS3D6uGDo2jzDN/uQ==}
    engines: {node: '>=12'}
    cpu: [arm]
    os: [android]
    requiresBuild: true
    dev: true
    optional: true

  /@esbuild/android-x64@0.18.8:
    resolution: {integrity: sha512-vLTz/naWZMVY01T0B6gneUmm9RTYBlhRzjSCDuQCZURC1Lp3Fw2gP32ZFTtIaMBK+hfSJilnmgTPuUkCTH6CwA==}
    engines: {node: '>=12'}
    cpu: [x64]
    os: [android]
    requiresBuild: true
    dev: true
    optional: true

  /@esbuild/darwin-arm64@0.18.8:
    resolution: {integrity: sha512-14oQ5IgillH6K7j750ug0IUfy86ql1CrHx4uxRMlq0lH5NthxEH+QIgqIzUUyDJdw0lOodtr4L905Q9VYIG2+g==}
    engines: {node: '>=12'}
    cpu: [arm64]
    os: [darwin]
    requiresBuild: true
    dev: true
    optional: true

  /@esbuild/darwin-x64@0.18.8:
    resolution: {integrity: sha512-OyEf+21R32glxR+IJpPhBgcbxSbc7adPe4hYggu2mbjqAAjJJAaYoYjNeojyp+ZKY2ZRX3FimBbeExVoPdEDfg==}
    engines: {node: '>=12'}
    cpu: [x64]
    os: [darwin]
    requiresBuild: true
    dev: true
    optional: true

  /@esbuild/freebsd-arm64@0.18.8:
    resolution: {integrity: sha512-ur5cFSmlE5YPqD+5X9E32wJ2nBnz/Lk30QuAiotam0kx2e2f9+dgTarqaDhUKt+xJo+6OLhCpHAlogQ1TAvJrw==}
    engines: {node: '>=12'}
    cpu: [arm64]
    os: [freebsd]
    requiresBuild: true
    dev: true
    optional: true

  /@esbuild/freebsd-x64@0.18.8:
    resolution: {integrity: sha512-j0dgVXUyInggnvEgFGS7FXTQncRwAmHkgAy8YE52kOsozkimpapE3Kuuwb6MXbhnqLvJevaFgGSAlseDlkXAlg==}
    engines: {node: '>=12'}
    cpu: [x64]
    os: [freebsd]
    requiresBuild: true
    dev: true
    optional: true

  /@esbuild/linux-arm64@0.18.8:
    resolution: {integrity: sha512-Xp8brdqVVSTiN3/GGEAkMN1V2VCUrt11lxqHopYsbAvIf2YAfaW02/NFlekMq7SaAVcReYqbO7LReaOLzHaxgw==}
    engines: {node: '>=12'}
    cpu: [arm64]
    os: [linux]
    requiresBuild: true
    dev: true
    optional: true

  /@esbuild/linux-arm@0.18.8:
    resolution: {integrity: sha512-moCWasFnLWfVmZjux2wE1YRoJlQ36hlthVD/B+UTic3UgCZ5LvpHTeqnF037JL9zS1W6d+cB0hUwithdIyZ/1w==}
    engines: {node: '>=12'}
    cpu: [arm]
    os: [linux]
    requiresBuild: true
    dev: true
    optional: true

  /@esbuild/linux-ia32@0.18.8:
    resolution: {integrity: sha512-mUDNdkY8mr4kZrekGLwZBFpvVX1VJLpwYUsbKTM/w0h4xVgsupc440nlsUfyz8OKeE92ZdMUUG8wrdOeZaONiQ==}
    engines: {node: '>=12'}
    cpu: [ia32]
    os: [linux]
    requiresBuild: true
    dev: true
    optional: true

  /@esbuild/linux-loong64@0.18.8:
    resolution: {integrity: sha512-wuzn8pABeFielmccZjn44eyVFo9G5rThVT91QdxZ02H7Yxek623ODpZoauAWwdBDFfK1R25RtKkxCvzfeJ1akg==}
    engines: {node: '>=12'}
    cpu: [loong64]
    os: [linux]
    requiresBuild: true
    dev: true
    optional: true

  /@esbuild/linux-mips64el@0.18.8:
    resolution: {integrity: sha512-9vIq+bR1PYqTV0Ea38a9h/r2xAecC56eQemOBXyzM3jQ9Bo8f3Q9On7mpiDrXich1eQuo9nna0ZBcaIJxaO58g==}
    engines: {node: '>=12'}
    cpu: [mips64el]
    os: [linux]
    requiresBuild: true
    dev: true
    optional: true

  /@esbuild/linux-ppc64@0.18.8:
    resolution: {integrity: sha512-9AFk6CgYytoQ0/RMnmr1zlpTA88g9ksxk0gmo9apY+O8Yzmcjd+Dl9LUX9k89dLnyyLgkHl6uLg1tpEzpQS+yA==}
    engines: {node: '>=12'}
    cpu: [ppc64]
    os: [linux]
    requiresBuild: true
    dev: true
    optional: true

  /@esbuild/linux-riscv64@0.18.8:
    resolution: {integrity: sha512-AyuhgbWMSbYrgr3Qz8OT6C92PSbSh7X9ckSgz4xnZYUWrBkR6YaRTp5L7zgcouA/cSm1AiOQauHgQb+EOCNBVQ==}
    engines: {node: '>=12'}
    cpu: [riscv64]
    os: [linux]
    requiresBuild: true
    dev: true
    optional: true

  /@esbuild/linux-s390x@0.18.8:
    resolution: {integrity: sha512-XU3UTgyFx80B+kCD82kun9usGT1+3YILtGeGx+StNWGT8wjHYCc5ZTsh4g+58kDoGPezquGO+Kso5VSlX2GU2g==}
    engines: {node: '>=12'}
    cpu: [s390x]
    os: [linux]
    requiresBuild: true
    dev: true
    optional: true

  /@esbuild/linux-x64@0.18.8:
    resolution: {integrity: sha512-/zBMV9cAFYFVTiyf7zg4ubMSfH0BGn5IPD+XZT0m2cYhtlMQLRQlNDpkaz5UlAIZBnBTCpjsbnI8X73xP2Zgtw==}
    engines: {node: '>=12'}
    cpu: [x64]
    os: [linux]
    requiresBuild: true
    dev: true
    optional: true

  /@esbuild/netbsd-x64@0.18.8:
    resolution: {integrity: sha512-/Aqh6SoP6UpLrgdfgFzi1Von4D5OhnJEYZNdkZA0AREuwSBcZh6X5eUsSCiEszJaeOt/oOZOvSwNR7i2VjmDnA==}
    engines: {node: '>=12'}
    cpu: [x64]
    os: [netbsd]
    requiresBuild: true
    dev: true
    optional: true

  /@esbuild/openbsd-x64@0.18.8:
    resolution: {integrity: sha512-twRW7IQ4ar1BilPDFf/IpsQY77dU50IUKZxs7veZVo4rnQbOXw6FPl2rWVJcVx+I6dkGzmt/yM6YW6FBdqA3DA==}
    engines: {node: '>=12'}
    cpu: [x64]
    os: [openbsd]
    requiresBuild: true
    dev: true
    optional: true

  /@esbuild/sunos-x64@0.18.8:
    resolution: {integrity: sha512-DSgYAFzvRisJQPxtTsUTFJ/Kr1KYZxxrKGfHPMnW2f/0KxOdLwRKbzWeG8g15gSBcDuDCZXnuUSFyu3ZyqbCzA==}
    engines: {node: '>=12'}
    cpu: [x64]
    os: [sunos]
    requiresBuild: true
    dev: true
    optional: true

  /@esbuild/win32-arm64@0.18.8:
    resolution: {integrity: sha512-eWoYo48Hp1yWbe2SSnmMNqnVprNgKtp0mP+aUeX/Lkw3gcsgRju5Qj7psfpA8cR0ULeWkrhmaSS4mgj4wfo97A==}
    engines: {node: '>=12'}
    cpu: [arm64]
    os: [win32]
    requiresBuild: true
    dev: true
    optional: true

  /@esbuild/win32-ia32@0.18.8:
    resolution: {integrity: sha512-A5mph1zmf7eEbAKZYqRHUBkO5PRdSO0bjH4XMAnYCXfndk72uHzvMmTNS5ZZ1dVUb55P45MFBBlZyW7SsnXxXw==}
    engines: {node: '>=12'}
    cpu: [ia32]
    os: [win32]
    requiresBuild: true
    dev: true
    optional: true

  /@esbuild/win32-x64@0.18.8:
    resolution: {integrity: sha512-/NKlWmdR5oxLswW/pdMKF8qwwtC7zpeTWvWffXpqNZ4Nib6lmnU2L5ijfSvWy8vxWhwmfR/CXA7GzuRL5nRxow==}
    engines: {node: '>=12'}
    cpu: [x64]
    os: [win32]
    requiresBuild: true
    dev: true
    optional: true

  /esbuild@0.18.8:
    resolution: {integrity: sha512-3hJ4I81Wp1IT5z29FAlTAlbX+ElIqy4AuIf1GNcFjsRIfyO3linxmEVqoP865KTYT9BWosrCl081RM/35Z+scw==}
    engines: {node: '>=12'}
    hasBin: true
    requiresBuild: true
    optionalDependencies:
      '@esbuild/android-arm': 0.18.8
      '@esbuild/android-arm64': 0.18.8
      '@esbuild/android-x64': 0.18.8
      '@esbuild/darwin-arm64': 0.18.8
      '@esbuild/darwin-x64': 0.18.8
      '@esbuild/freebsd-arm64': 0.18.8
      '@esbuild/freebsd-x64': 0.18.8
      '@esbuild/linux-arm': 0.18.8
      '@esbuild/linux-arm64': 0.18.8
      '@esbuild/linux-ia32': 0.18.8
      '@esbuild/linux-loong64': 0.18.8
      '@esbuild/linux-mips64el': 0.18.8
      '@esbuild/linux-ppc64': 0.18.8
      '@esbuild/linux-riscv64': 0.18.8
      '@esbuild/linux-s390x': 0.18.8
      '@esbuild/linux-x64': 0.18.8
      '@esbuild/netbsd-x64': 0.18.8
      '@esbuild/openbsd-x64': 0.18.8
      '@esbuild/sunos-x64': 0.18.8
      '@esbuild/win32-arm64': 0.18.8
      '@esbuild/win32-ia32': 0.18.8
      '@esbuild/win32-x64': 0.18.8
    dev: true

  /typescript@5.1.3:
    resolution: {integrity: sha512-XH627E9vkeqhlZFQuL+UsyAXEnibT0kWR2FWONlr4sTjvxyJYnyefgrkyECLzM5NenmKzRAy2rR/OlYLA1HkZw==}
    engines: {node: '>=14.17'}
    hasBin: true
    dev: true
